
Microsoft Visual Studio Solution File, Format Version 12.00
# Visual Studio Version 16
VisualStudioVersion = 16.0.32106.194
MinimumVisualStudioVersion = 10.0.40219.1
Project("{FAE04EC0-301F-11D3-BF4B-00C04F79EFBC}") = "Ecom", "Ecom\Ecom.csproj", "{677FD46F-2A30-42DF-8D1A-AEBE8FA1D47E}"
EndProject
Global
	GlobalSection(SolutionConfigurationPlatforms) = preSolution
		Debug|Any CPU = Debug|Any CPU
		Release|Any CPU = Release|Any CPU
	EndGlobalSection
	GlobalSection(ProjectConfigurationPlatforms) = postSolution
		{677FD46F-2A30-42DF-8D1A-AEBE8FA1D47E}.Debug|Any CPU.ActiveCfg = Debug|Any CPU
		{677FD46F-2A30-42DF-8D1A-AEBE8FA1D47E}.Debug|Any CPU.Build.0 = Debug|Any CPU
		{677FD46F-2A30-42DF-8D1A-AEBE8FA1D47E}.Release|Any CPU.ActiveCfg = Release|Any CPU
		{677FD46F-2A30-42DF-8D1A-AEBE8FA1D47E}.Release|Any CPU.Build.0 = Release|Any CPU
	EndGlobalSection
	GlobalSection(SolutionProperties) = preSolution
		HideSolutionNode = FALSE
	EndGlobalSection
	GlobalSection(ExtensibilityGlobals) = postSolution
		SolutionGuid = {D9794E68-0CBF-4CCA-BF5B-8AF1CB9C058E}
	EndGlobalSection
EndGlobal
